
Microsoft Visual Studio Solution File, Format Version 12.00
# Visual Studio Version 16
VisualStudioVersion = 16.0.31112.23
MinimumVisualStudioVersion = 10.0.40219.1
Project("{FAE04EC0-301F-11D3-BF4B-00C04F79EFBC}") = "Atividade2LeituraJSON", "Atividade2LeituraJSON\Atividade2LeituraJSON.csproj", "{EA2D1A39-2098-44A7-AA88-D6F9D7692AD8}"
EndProject
Global
	GlobalSection(SolutionConfigurationPlatforms) = preSolution
		Debug|Any CPU = Debug|Any CPU
		Release|Any CPU = Release|Any CPU
	EndGlobalSection
	GlobalSection(ProjectConfigurationPlatforms) = postSolution
		{EA2D1A39-2098-44A7-AA88-D6F9D7692AD8}.Debug|Any CPU.ActiveCfg = Debug|Any CPU
		{EA2D1A39-2098-44A7-AA88-D6F9D7692AD8}.Debug|Any CPU.Build.0 = Debug|Any CPU
		{EA2D1A39-2098-44A7-AA88-D6F9D7692AD8}.Release|Any CPU.ActiveCfg = Release|Any CPU
		{EA2D1A39-2098-44A7-AA88-D6F9D7692AD8}.Release|Any CPU.Build.0 = Release|Any CPU
	EndGlobalSection
	GlobalSection(SolutionProperties) = preSolution
		HideSolutionNode = FALSE
	EndGlobalSection
	GlobalSection(ExtensibilityGlobals) = postSolution
		SolutionGuid = {89A5B610-2B6E-44B0-9E43-AE5B2342A97B}
	EndGlobalSection
EndGlobal
